
Microsoft Visual Studio Solution File, Format Version 12.00
# Visual Studio Version 17
VisualStudioVersion = 17.2.32519.379
MinimumVisualStudioVersion = 10.0.40219.1
Project("{FAE04EC0-301F-11D3-BF4B-00C04F79EFBC}") = "9_PalindromeNumber", "9_PalindromeNumber\9_PalindromeNumber.csproj", "{F7107983-841A-412A-897D-E08AA6A5CE32}"
EndProject
Global
	GlobalSection(SolutionConfigurationPlatforms) = preSolution
		Debug|Any CPU = Debug|Any CPU
		Release|Any CPU = Release|Any CPU
	EndGlobalSection
	GlobalSection(ProjectConfigurationPlatforms) = postSolution
		{F7107983-841A-412A-897D-E08AA6A5CE32}.Debug|Any CPU.ActiveCfg = Debug|Any CPU
		{F7107983-841A-412A-897D-E08AA6A5CE32}.Debug|Any CPU.Build.0 = Debug|Any CPU
		{F7107983-841A-412A-897D-E08AA6A5CE32}.Release|Any CPU.ActiveCfg = Release|Any CPU
		{F7107983-841A-412A-897D-E08AA6A5CE32}.Release|Any CPU.Build.0 = Release|Any CPU
	EndGlobalSection
	GlobalSection(SolutionProperties) = preSolution
		HideSolutionNode = FALSE
	EndGlobalSection
	GlobalSection(ExtensibilityGlobals) = postSolution
		SolutionGuid = {A4AE89DB-A2F3-4054-A001-58948994F3AB}
	EndGlobalSection
EndGlobal
